<?xml version="1.0" encoding="utf-8"?>
<Project ToolsVersion="4.0" xmlns="http://schemas.microsoft.com/developer/msbuild/2003">
  <ItemGroup>
    <Filter Include="Source Files">
      <UniqueIdentifier>{4FC737F1-C7A5-4376-A066-2A32D752A2FF}</UniqueIdentifier>
      <Extensions>cpp;c;cc;cxx;def;odl;idl;hpj;bat;asm;asmx</Extensions>
    </Filter>
    <Filter Include="Header Files">
      <UniqueIdentifier>{93995380-89BD-4b04-88EB-625FBE52EBFB}</UniqueIdentifier>
      <Extensions>h;hh;hpp;hxx;hm;inl;inc;xsd</Extensions>
    </Filter>
    <Filter Include="Resource Files">
      <UniqueIdentifier>{67DA6AB6-F800-4c08-8B7A-83BB121AAD01}</UniqueIdentifier>
      <Extensions>rc;ico;cur;bmp;dlg;rc2;rct;bin;rgs;gif;jpg;jpeg;jpe;resx;tiff;tif;png;wav;mfcribbon-ms</Extensions>
    </Filter>
  </ItemGroup>
  <ItemGroup>
    <ClCompile Include="main.cpp">
      <Filter>Source Files</Filter>
    </ClCompile>
    <ClCompile Include="prog_myinfo.cpp">
      <Filter>Source Files</Filter>
    </ClCompile>
    <ClCompile Include="prog_checklengths.cpp">
      <Filter>Source Files</Filter>
    </ClCompile>
    <ClCompile Include="prog_calcvolume.cpp">
      <Filter>Source Files</Filter>
    </ClCompile>
    <ClCompile Include="prog_notation.cpp">
      <Filter>Source Files</Filter>
    </ClCompile>
    <ClCompile Include="prog_quadrant.cpp">
      <Filter>Source Files</Filter>
    </ClCompile>
    <ClCompile Include="prog_tempconvert.cpp">
      <Filter>Source Files</Filter>
    </ClCompile>
    <ClCompile Include="prog_leapyear.cpp">
      <Filter>Source Files</Filter>
    </ClCompile>
    <ClCompile Include="prog_numsize.cpp">
      <Filter>Source Files</Filter>
    </ClCompile>
    <ClCompile Include="prog_interestrate.cpp">
      <Filter>Source Files</Filter>
    </ClCompile>
    <ClCompile Include="prog_calcarea.cpp">
      <Filter>Source Files</Filter>
    </ClCompile>
    <ClCompile Include="prog_dragforce.cpp">
      <Filter>Source Files</Filter>
    </ClCompile>
    <ClCompile Include="prog_carsales.cpp">
      <Filter>Source Files</Filter>
    </ClCompile>
    <ClCompile Include="prog_equaldates.cpp">
      <Filter>Source Files</Filter>
    </ClCompile>
    <ClCompile Include="prog_valuesfile.cpp">
      <Filter>Source Files</Filter>
    </ClCompile>
    <ClCompile Include="prog_manipstruct.cpp">
      <Filter>Source Files</Filter>
    </ClCompile>
    <ClCompile Include="prog_dateclass.cpp">
      <Filter>Source Files</Filter>
    </ClCompile>
    <ClCompile Include="DateType.cpp">
      <Filter>Source Files</Filter>
    </ClCompile>
    <ClCompile Include="prog_manipclass.cpp">
      <Filter>Source Files</Filter>
    </ClCompile>
    <ClCompile Include="Grade.cpp">
      <Filter>Source Files</Filter>
    </ClCompile>
    <ClCompile Include="prog_phones.cpp">
      <Filter>Source Files</Filter>
    </ClCompile>
    <ClCompile Include="Phone.cpp">
      <Filter>Source Files</Filter>
    </ClCompile>
    <ClCompile Include="InternationalPhone.cpp">
      <Filter>Source Files</Filter>
    </ClCompile>
    <ClCompile Include="prog_pointers.cpp">
      <Filter>Source Files</Filter>
    </ClCompile>
    <ClCompile Include="prog_inputarray.cpp">
      <Filter>Source Files</Filter>
    </ClCompile>
    <ClCompile Include="prog_tempclass.cpp">
      <Filter>Source Files</Filter>
    </ClCompile>
    <ClCompile Include="prog_errortest.cpp">
      <Filter>Source Files</Filter>
    </ClCompile>
  </ItemGroup>
  <ItemGroup>
    <ClInclude Include="proglist.h">
      <Filter>Header Files</Filter>
    </ClInclude>
    <ClInclude Include="DateType.h">
      <Filter>Header Files</Filter>
    </ClInclude>
    <ClInclude Include="Grade.h">
      <Filter>Header Files</Filter>
    </ClInclude>
    <ClInclude Include="phone.h">
      <Filter>Header Files</Filter>
    </ClInclude>
    <ClInclude Include="intphone.h">
      <Filter>Header Files</Filter>
    </ClInclude>
  </ItemGroup>
</Project>